
Microsoft Visual Studio Solution File, Format Version 12.00
# Visual Studio Version 16
VisualStudioVersion = 16.0.29209.152
MinimumVisualStudioVersion = 10.0.40219.1
Project("{9A19103F-16F7-4668-BE54-9A1E7A4F7556}") = "OpenApi", "OpenApi\OpenApi.csproj", "{051C3BF6-4026-4142-B866-B3104DC3AFB5}"
EndProject
Global
	GlobalSection(SolutionConfigurationPlatforms) = preSolution
		Debug|Any CPU = Debug|Any CPU
		Release|Any CPU = Release|Any CPU
	EndGlobalSection
	GlobalSection(ProjectConfigurationPlatforms) = postSolution
		{051C3BF6-4026-4142-B866-B3104DC3AFB5}.Debug|Any CPU.ActiveCfg = Debug|Any CPU
		{051C3BF6-4026-4142-B866-B3104DC3AFB5}.Debug|Any CPU.Build.0 = Debug|Any CPU
		{051C3BF6-4026-4142-B866-B3104DC3AFB5}.Release|Any CPU.ActiveCfg = Release|Any CPU
		{051C3BF6-4026-4142-B866-B3104DC3AFB5}.Release|Any CPU.Build.0 = Release|Any CPU
	EndGlobalSection
	GlobalSection(SolutionProperties) = preSolution
		HideSolutionNode = FALSE
	EndGlobalSection
	GlobalSection(ExtensibilityGlobals) = postSolution
		SolutionGuid = {DA64DF71-D8FF-4557-9BB3-5EADFEA7D0A6}
	EndGlobalSection
EndGlobal
